
Microsoft Visual Studio Solution File, Format Version 12.00
# Visual Studio 15
VisualStudioVersion = 15.0.27703.2042
MinimumVisualStudioVersion = 10.0.40219.1
Project("{FAE04EC0-301F-11D3-BF4B-00C04F79EFBC}") = "WpfApp1", "WpfApp1\WpfApp1.csproj", "{53980C17-FDBC-49C2-BFF7-EA2D861BA670}"
EndProject
Project("{8BC9CEB8-8B4A-11D0-8D11-00A0C91BC942}") = "core", "core\core.vcxproj", "{8EAD85BC-DB01-4EC3-99AD-9526A5022FF9}"
EndProject
Project("{8BC9CEB8-8B4A-11D0-8D11-00A0C91BC942}") = "USN File search", "USN File search\USN File search.vcxproj", "{C809319A-DBEF-48B4-9D2A-DFA365A918A3}"
EndProject
Project("{8BC9CEB8-8B4A-11D0-8D11-00A0C91BC942}") = "SearchFile", "SearchFile\SearchFile.vcxproj", "{6A68C56D-4623-4E71-A98F-0590F2E544B2}"
EndProject
Global
	GlobalSection(SolutionConfigurationPlatforms) = preSolution
		Debug|Any CPU = Debug|Any CPU
		Debug|x64 = Debug|x64
		Debug|x86 = Debug|x86
		Release|Any CPU = Release|Any CPU
		Release|x64 = Release|x64
		Release|x86 = Release|x86
	EndGlobalSection
	GlobalSection(ProjectConfigurationPlatforms) = postSolution
		{53980C17-FDBC-49C2-BFF7-EA2D861BA670}.Debug|Any CPU.ActiveCfg = Debug|Any CPU
		{53980C17-FDBC-49C2-BFF7-EA2D861BA670}.Debug|Any CPU.Build.0 = Debug|Any CPU
		{53980C17-FDBC-49C2-BFF7-EA2D861BA670}.Debug|x64.ActiveCfg = Debug|Any CPU
		{53980C17-FDBC-49C2-BFF7-EA2D861BA670}.Debug|x64.Build.0 = Debug|Any CPU
		{53980C17-FDBC-49C2-BFF7-EA2D861BA670}.Debug|x86.ActiveCfg = Debug|Any CPU
		{53980C17-FDBC-49C2-BFF7-EA2D861BA670}.Debug|x86.Build.0 = Debug|Any CPU
		{53980C17-FDBC-49C2-BFF7-EA2D861BA670}.Release|Any CPU.ActiveCfg = Release|Any CPU
		{53980C17-FDBC-49C2-BFF7-EA2D861BA670}.Release|Any CPU.Build.0 = Release|Any CPU
		{53980C17-FDBC-49C2-BFF7-EA2D861BA670}.Release|x64.ActiveCfg = Release|Any CPU
		{53980C17-FDBC-49C2-BFF7-EA2D861BA670}.Release|x64.Build.0 = Release|Any CPU
		{53980C17-FDBC-49C2-BFF7-EA2D861BA670}.Release|x86.ActiveCfg = Release|Any CPU
		{53980C17-FDBC-49C2-BFF7-EA2D861BA670}.Release|x86.Build.0 = Release|Any CPU
		{8EAD85BC-DB01-4EC3-99AD-9526A5022FF9}.Debug|Any CPU.ActiveCfg = Debug|Win32
		{8EAD85BC-DB01-4EC3-99AD-9526A5022FF9}.Debug|x64.ActiveCfg = Debug|x64
		{8EAD85BC-DB01-4EC3-99AD-9526A5022FF9}.Debug|x64.Build.0 = Debug|x64
		{8EAD85BC-DB01-4EC3-99AD-9526A5022FF9}.Debug|x86.ActiveCfg = Debug|Win32
		{8EAD85BC-DB01-4EC3-99AD-9526A5022FF9}.Debug|x86.Build.0 = Debug|Win32
		{8EAD85BC-DB01-4EC3-99AD-9526A5022FF9}.Release|Any CPU.ActiveCfg = Release|Win32
		{8EAD85BC-DB01-4EC3-99AD-9526A5022FF9}.Release|x64.ActiveCfg = Release|x64
		{8EAD85BC-DB01-4EC3-99AD-9526A5022FF9}.Release|x64.Build.0 = Release|x64
		{8EAD85BC-DB01-4EC3-99AD-9526A5022FF9}.Release|x86.ActiveCfg = Release|Win32
		{8EAD85BC-DB01-4EC3-99AD-9526A5022FF9}.Release|x86.Build.0 = Release|Win32
		{C809319A-DBEF-48B4-9D2A-DFA365A918A3}.Debug|Any CPU.ActiveCfg = Debug|Win32
		{C809319A-DBEF-48B4-9D2A-DFA365A918A3}.Debug|Any CPU.Build.0 = Debug|Win32
		{C809319A-DBEF-48B4-9D2A-DFA365A918A3}.Debug|x64.ActiveCfg = Debug|x64
		{C809319A-DBEF-48B4-9D2A-DFA365A918A3}.Debug|x64.Build.0 = Debug|x64
		{C809319A-DBEF-48B4-9D2A-DFA365A918A3}.Debug|x86.ActiveCfg = Debug|Win32
		{C809319A-DBEF-48B4-9D2A-DFA365A918A3}.Debug|x86.Build.0 = Debug|Win32
		{C809319A-DBEF-48B4-9D2A-DFA365A918A3}.Release|Any CPU.ActiveCfg = Release|Win32
		{C809319A-DBEF-48B4-9D2A-DFA365A918A3}.Release|x64.ActiveCfg = Release|x64
		{C809319A-DBEF-48B4-9D2A-DFA365A918A3}.Release|x64.Build.0 = Release|x64
		{C809319A-DBEF-48B4-9D2A-DFA365A918A3}.Release|x86.ActiveCfg = Release|Win32
		{C809319A-DBEF-48B4-9D2A-DFA365A918A3}.Release|x86.Build.0 = Release|Win32
		{6A68C56D-4623-4E71-A98F-0590F2E544B2}.Debug|Any CPU.ActiveCfg = Debug|Win32
		{6A68C56D-4623-4E71-A98F-0590F2E544B2}.Debug|x64.ActiveCfg = Debug|x64
		{6A68C56D-4623-4E71-A98F-0590F2E544B2}.Debug|x64.Build.0 = Debug|x64
		{6A68C56D-4623-4E71-A98F-0590F2E544B2}.Debug|x86.ActiveCfg = Debug|Win32
		{6A68C56D-4623-4E71-A98F-0590F2E544B2}.Debug|x86.Build.0 = Debug|Win32
		{6A68C56D-4623-4E71-A98F-0590F2E544B2}.Release|Any CPU.ActiveCfg = Release|Win32
		{6A68C56D-4623-4E71-A98F-0590F2E544B2}.Release|x64.ActiveCfg = Release|x64
		{6A68C56D-4623-4E71-A98F-0590F2E544B2}.Release|x64.Build.0 = Release|x64
		{6A68C56D-4623-4E71-A98F-0590F2E544B2}.Release|x86.ActiveCfg = Release|Win32
		{6A68C56D-4623-4E71-A98F-0590F2E544B2}.Release|x86.Build.0 = Release|Win32
	EndGlobalSection
	GlobalSection(SolutionProperties) = preSolution
		HideSolutionNode = FALSE
	EndGlobalSection
	GlobalSection(ExtensibilityGlobals) = postSolution
		SolutionGuid = {5EB4D312-AC89-4CDF-91B7-17B56E940014}
	EndGlobalSection
EndGlobal
